
Microsoft Visual Studio Solution File, Format Version 12.00
# Visual Studio Version 16
VisualStudioVersion = 16.0.31112.23
MinimumVisualStudioVersion = 10.0.40219.1
Project("{2150E333-8FDC-42A3-9474-1A3956D46DE8}") = "Building Blocks", "Building Blocks", "{F6B570CB-F64A-4EA4-92C4-A7F144546F82}"
EndProject
Project("{2150E333-8FDC-42A3-9474-1A3956D46DE8}") = "Services", "Services", "{71862ADE-0A84-42D0-981A-3AFF0F4291DF}"
EndProject
Project("{2150E333-8FDC-42A3-9474-1A3956D46DE8}") = "Web", "Web", "{1F55BDBA-C669-4E93-91A3-DCBB269A66EC}"
EndProject
Project("{2150E333-8FDC-42A3-9474-1A3956D46DE8}") = "Identidade", "Identidade", "{CF6FABFC-0A74-496D-825C-43F750BC1F00}"
EndProject
Project("{2150E333-8FDC-42A3-9474-1A3956D46DE8}") = "Carrinho", "Carrinho", "{FBCFBD2E-D8D0-46EB-BF3F-AEE387C05533}"
EndProject
Project("{2150E333-8FDC-42A3-9474-1A3956D46DE8}") = "Catalogo", "Catalogo", "{28D6B718-050C-4B54-93BA-6C1971A51865}"
EndProject
Project("{2150E333-8FDC-42A3-9474-1A3956D46DE8}") = "Cliente", "Cliente", "{9F22E22C-9D67-440E-8CBF-0C393D2B1664}"
EndProject
Project("{2150E333-8FDC-42A3-9474-1A3956D46DE8}") = "Pagamento", "Pagamento", "{ADCC2B9D-DC24-46DC-BD61-9638DCA9C706}"
EndProject
Project("{2150E333-8FDC-42A3-9474-1A3956D46DE8}") = "Pedido", "Pedido", "{EA91F4A2-1DE3-499D-A75C-EE1C711E4CEB}"
EndProject
Project("{2150E333-8FDC-42A3-9474-1A3956D46DE8}") = "MVC", "MVC", "{68E260FA-C4AC-47D4-AC08-AF90C6579449}"
EndProject
Project("{9A19103F-16F7-4668-BE54-9A1E7A4F7556}") = "ECommerce.Core", "Building Blocks\ECommerce.BuildingBlocks.Core\ECommerce.Core.csproj", "{9671D4C0-3462-49F3-A8B3-BD9EEE62FB54}"
EndProject
Project("{9A19103F-16F7-4668-BE54-9A1E7A4F7556}") = "ECommerce.Carrinho.API", "Services\ECommerce.Carrinho.API\ECommerce.Carrinho.API.csproj", "{B504564D-BEA0-4149-A6A9-55CC75229C46}"
EndProject
Project("{9A19103F-16F7-4668-BE54-9A1E7A4F7556}") = "ECommerce.Catalogo.API", "Services\ECommerce.Catalogo.API\ECommerce.Catalogo.API.csproj", "{5B5254DF-F08D-45CF-BFC6-96CC5C70E6BA}"
EndProject
Project("{9A19103F-16F7-4668-BE54-9A1E7A4F7556}") = "ECommerce.Cliente.API", "Services\ECommerce.Cliente.API\ECommerce.Cliente.API.csproj", "{D28E6908-D119-4417-A423-7F5891E597AC}"
EndProject
Project("{9A19103F-16F7-4668-BE54-9A1E7A4F7556}") = "ECommerce.Identidade.API", "Services\ECommerce.Identidade.API\ECommerce.Identidade.API.csproj", "{2D90E3B3-4D94-47E7-AE7C-D110DAD00778}"
EndProject
Project("{9A19103F-16F7-4668-BE54-9A1E7A4F7556}") = "ECommerce.Pagamento.API", "Services\ECommerce.Pagamento.API\ECommerce.Pagamento.API.csproj", "{52EB8D8F-EA52-475E-8C17-FCFB0A328053}"
EndProject
Project("{9A19103F-16F7-4668-BE54-9A1E7A4F7556}") = "ECommerce.Pedido.API", "Services\ECommerce.Pedido.API\ECommerce.Pedido.API.csproj", "{1C7030AA-1E27-4B75-9664-A89ABBFC205E}"
EndProject
Project("{9A19103F-16F7-4668-BE54-9A1E7A4F7556}") = "ECommerce.WebApp.MVC", "Web\ECommerce.WebApp.MVC\ECommerce.WebApp.MVC.csproj", "{9AA70D57-283A-42A7-BF5C-CE7ACA128239}"
EndProject
Project("{9A19103F-16F7-4668-BE54-9A1E7A4F7556}") = "ECommerce.API.Core", "Building Blocks\ECommerce.API.Core\ECommerce.API.Core.csproj", "{3182B309-8D88-4A7F-B428-4D87729392EA}"
EndProject
Global
	GlobalSection(SolutionConfigurationPlatforms) = preSolution
		Debug|Any CPU = Debug|Any CPU
		Release|Any CPU = Release|Any CPU
	EndGlobalSection
	GlobalSection(ProjectConfigurationPlatforms) = postSolution
		{9671D4C0-3462-49F3-A8B3-BD9EEE62FB54}.Debug|Any CPU.ActiveCfg = Debug|Any CPU
		{9671D4C0-3462-49F3-A8B3-BD9EEE62FB54}.Debug|Any CPU.Build.0 = Debug|Any CPU
		{9671D4C0-3462-49F3-A8B3-BD9EEE62FB54}.Release|Any CPU.ActiveCfg = Release|Any CPU
		{9671D4C0-3462-49F3-A8B3-BD9EEE62FB54}.Release|Any CPU.Build.0 = Release|Any CPU
		{B504564D-BEA0-4149-A6A9-55CC75229C46}.Debug|Any CPU.ActiveCfg = Debug|Any CPU
		{B504564D-BEA0-4149-A6A9-55CC75229C46}.Debug|Any CPU.Build.0 = Debug|Any CPU
		{B504564D-BEA0-4149-A6A9-55CC75229C46}.Release|Any CPU.ActiveCfg = Release|Any CPU
		{B504564D-BEA0-4149-A6A9-55CC75229C46}.Release|Any CPU.Build.0 = Release|Any CPU
		{5B5254DF-F08D-45CF-BFC6-96CC5C70E6BA}.Debug|Any CPU.ActiveCfg = Debug|Any CPU
		{5B5254DF-F08D-45CF-BFC6-96CC5C70E6BA}.Debug|Any CPU.Build.0 = Debug|Any CPU
		{5B5254DF-F08D-45CF-BFC6-96CC5C70E6BA}.Release|Any CPU.ActiveCfg = Release|Any CPU
		{5B5254DF-F08D-45CF-BFC6-96CC5C70E6BA}.Release|Any CPU.Build.0 = Release|Any CPU
		{D28E6908-D119-4417-A423-7F5891E597AC}.Debug|Any CPU.ActiveCfg = Debug|Any CPU
		{D28E6908-D119-4417-A423-7F5891E597AC}.Debug|Any CPU.Build.0 = Debug|Any CPU
		{D28E6908-D119-4417-A423-7F5891E597AC}.Release|Any CPU.ActiveCfg = Release|Any CPU
		{D28E6908-D119-4417-A423-7F5891E597AC}.Release|Any CPU.Build.0 = Release|Any CPU
		{2D90E3B3-4D94-47E7-AE7C-D110DAD00778}.Debug|Any CPU.ActiveCfg = Debug|Any CPU
		{2D90E3B3-4D94-47E7-AE7C-D110DAD00778}.Debug|Any CPU.Build.0 = Debug|Any CPU
		{2D90E3B3-4D94-47E7-AE7C-D110DAD00778}.Release|Any CPU.ActiveCfg = Release|Any CPU
		{2D90E3B3-4D94-47E7-AE7C-D110DAD00778}.Release|Any CPU.Build.0 = Release|Any CPU
		{52EB8D8F-EA52-475E-8C17-FCFB0A328053}.Debug|Any CPU.ActiveCfg = Debug|Any CPU
		{52EB8D8F-EA52-475E-8C17-FCFB0A328053}.Debug|Any CPU.Build.0 = Debug|Any CPU
		{52EB8D8F-EA52-475E-8C17-FCFB0A328053}.Release|Any CPU.ActiveCfg = Release|Any CPU
		{52EB8D8F-EA52-475E-8C17-FCFB0A328053}.Release|Any CPU.Build.0 = Release|Any CPU
		{1C7030AA-1E27-4B75-9664-A89ABBFC205E}.Debug|Any CPU.ActiveCfg = Debug|Any CPU
		{1C7030AA-1E27-4B75-9664-A89ABBFC205E}.Debug|Any CPU.Build.0 = Debug|Any CPU
		{1C7030AA-1E27-4B75-9664-A89ABBFC205E}.Release|Any CPU.ActiveCfg = Release|Any CPU
		{1C7030AA-1E27-4B75-9664-A89ABBFC205E}.Release|Any CPU.Build.0 = Release|Any CPU
		{9AA70D57-283A-42A7-BF5C-CE7ACA128239}.Debug|Any CPU.ActiveCfg = Debug|Any CPU
		{9AA70D57-283A-42A7-BF5C-CE7ACA128239}.Debug|Any CPU.Build.0 = Debug|Any CPU
		{9AA70D57-283A-42A7-BF5C-CE7ACA128239}.Release|Any CPU.ActiveCfg = Release|Any CPU
		{9AA70D57-283A-42A7-BF5C-CE7ACA128239}.Release|Any CPU.Build.0 = Release|Any CPU
		{3182B309-8D88-4A7F-B428-4D87729392EA}.Debug|Any CPU.ActiveCfg = Debug|Any CPU
		{3182B309-8D88-4A7F-B428-4D87729392EA}.Debug|Any CPU.Build.0 = Debug|Any CPU
		{3182B309-8D88-4A7F-B428-4D87729392EA}.Release|Any CPU.ActiveCfg = Release|Any CPU
		{3182B309-8D88-4A7F-B428-4D87729392EA}.Release|Any CPU.Build.0 = Release|Any CPU
	EndGlobalSection
	GlobalSection(SolutionProperties) = preSolution
		HideSolutionNode = FALSE
	EndGlobalSection
	GlobalSection(NestedProjects) = preSolution
		{CF6FABFC-0A74-496D-825C-43F750BC1F00} = {71862ADE-0A84-42D0-981A-3AFF0F4291DF}
		{FBCFBD2E-D8D0-46EB-BF3F-AEE387C05533} = {71862ADE-0A84-42D0-981A-3AFF0F4291DF}
		{28D6B718-050C-4B54-93BA-6C1971A51865} = {71862ADE-0A84-42D0-981A-3AFF0F4291DF}
		{9F22E22C-9D67-440E-8CBF-0C393D2B1664} = {71862ADE-0A84-42D0-981A-3AFF0F4291DF}
		{ADCC2B9D-DC24-46DC-BD61-9638DCA9C706} = {71862ADE-0A84-42D0-981A-3AFF0F4291DF}
		{EA91F4A2-1DE3-499D-A75C-EE1C711E4CEB} = {71862ADE-0A84-42D0-981A-3AFF0F4291DF}
		{68E260FA-C4AC-47D4-AC08-AF90C6579449} = {1F55BDBA-C669-4E93-91A3-DCBB269A66EC}
		{9671D4C0-3462-49F3-A8B3-BD9EEE62FB54} = {F6B570CB-F64A-4EA4-92C4-A7F144546F82}
		{B504564D-BEA0-4149-A6A9-55CC75229C46} = {FBCFBD2E-D8D0-46EB-BF3F-AEE387C05533}
		{5B5254DF-F08D-45CF-BFC6-96CC5C70E6BA} = {28D6B718-050C-4B54-93BA-6C1971A51865}
		{D28E6908-D119-4417-A423-7F5891E597AC} = {9F22E22C-9D67-440E-8CBF-0C393D2B1664}
		{2D90E3B3-4D94-47E7-AE7C-D110DAD00778} = {CF6FABFC-0A74-496D-825C-43F750BC1F00}
		{52EB8D8F-EA52-475E-8C17-FCFB0A328053} = {ADCC2B9D-DC24-46DC-BD61-9638DCA9C706}
		{1C7030AA-1E27-4B75-9664-A89ABBFC205E} = {EA91F4A2-1DE3-499D-A75C-EE1C711E4CEB}
		{9AA70D57-283A-42A7-BF5C-CE7ACA128239} = {68E260FA-C4AC-47D4-AC08-AF90C6579449}
		{3182B309-8D88-4A7F-B428-4D87729392EA} = {F6B570CB-F64A-4EA4-92C4-A7F144546F82}
	EndGlobalSection
	GlobalSection(ExtensibilityGlobals) = postSolution
		SolutionGuid = {399C2403-F156-445D-A097-C53B0E09BAD3}
	EndGlobalSection
EndGlobal
